
Microsoft Visual Studio Solution File, Format Version 12.00
# Visual Studio Version 17
VisualStudioVersion = 17.4.33103.184
MinimumVisualStudioVersion = 10.0.40219.1
Project("{FAE04EC0-301F-11D3-BF4B-00C04F79EFBC}") = "SUBSURF-MKN-WellOptimization-MVC", "SUBSURF-MKN-WellOptimization-MVC\SUBSURF-MKN-WellOptimization-MVC.csproj", "{3B203C85-8FD6-418F-9BB6-DD4B772A691F}"
EndProject
Global
	GlobalSection(SolutionConfigurationPlatforms) = preSolution
		Debug|Any CPU = Debug|Any CPU
		Release|Any CPU = Release|Any CPU
	EndGlobalSection
	GlobalSection(ProjectConfigurationPlatforms) = postSolution
		{3B203C85-8FD6-418F-9BB6-DD4B772A691F}.Debug|Any CPU.ActiveCfg = Debug|Any CPU
		{3B203C85-8FD6-418F-9BB6-DD4B772A691F}.Debug|Any CPU.Build.0 = Debug|Any CPU
		{3B203C85-8FD6-418F-9BB6-DD4B772A691F}.Release|Any CPU.ActiveCfg = Release|Any CPU
		{3B203C85-8FD6-418F-9BB6-DD4B772A691F}.Release|Any CPU.Build.0 = Release|Any CPU
	EndGlobalSection
	GlobalSection(SolutionProperties) = preSolution
		HideSolutionNode = FALSE
	EndGlobalSection
	GlobalSection(ExtensibilityGlobals) = postSolution
		SolutionGuid = {EEEDA247-88F7-4394-A714-87710EDCB143}
	EndGlobalSection
EndGlobal
